// !$*UTF8*$!
{
	archiveVersion = 1;
	classes = {
	};
	objectVersion = 51;
	objects = {

/* Begin PBXBuildFile section */
		9736A40482263E4C73FA7AE2 /* Pods_NaverMovieList.framework in Frameworks */ = {isa = PBXBuildFile; fileRef = 8057004A0DD05FFC4C890D96 /* Pods_NaverMovieList.framework */; };
		9904080B251AC38D00A163BA /* ScrollTestTwoViewController.swift in Sources */ = {isa = PBXBuildFile; fileRef = 9904080A251AC38D00A163BA /* ScrollTestTwoViewController.swift */; };
		99321131250F0376004C21EA /* AppDelegate.swift in Sources */ = {isa = PBXBuildFile; fileRef = 99321130250F0376004C21EA /* AppDelegate.swift */; };
		99321133250F0376004C21EA /* SceneDelegate.swift in Sources */ = {isa = PBXBuildFile; fileRef = 99321132250F0376004C21EA /* SceneDelegate.swift */; };
		99321135250F0376004C21EA /* ViewController.swift in Sources */ = {isa = PBXBuildFile; fileRef = 99321134250F0376004C21EA /* ViewController.swift */; };
		99321138250F0376004C21EA /* Main.storyboard in Resources */ = {isa = PBXBuildFile; fileRef = 99321136250F0376004C21EA /* Main.storyboard */; };
		9932113A250F0379004C21EA /* Assets.xcassets in Resources */ = {isa = PBXBuildFile; fileRef = 99321139250F0379004C21EA /* Assets.xcassets */; };
		9932113D250F0379004C21EA /* LaunchScreen.storyboard in Resources */ = {isa = PBXBuildFile; fileRef = 9932113B250F0379004C21EA /* LaunchScreen.storyboard */; };
		99321145250F301E004C21EA /* Config.swift in Sources */ = {isa = PBXBuildFile; fileRef = 99321144250F301E004C21EA /* Config.swift */; };
		99321147250F39A0004C21EA /* Network.swift in Sources */ = {isa = PBXBuildFile; fileRef = 99321146250F39A0004C21EA /* Network.swift */; };
		99321149250F4E27004C21EA /* MovieModel.swift in Sources */ = {isa = PBXBuildFile; fileRef = 99321148250F4E27004C21EA /* MovieModel.swift */; };
		9961CD732518793500402658 /* ScrollInfoViewController.swift in Sources */ = {isa = PBXBuildFile; fileRef = 9961CD722518793500402658 /* ScrollInfoViewController.swift */; };
		9961CD762519716100402658 /* ScrollTestViewController.swift in Sources */ = {isa = PBXBuildFile; fileRef = 9961CD752519716100402658 /* ScrollTestViewController.swift */; };
		9961CD792519B11500402658 /* CustomViewOne.swift in Sources */ = {isa = PBXBuildFile; fileRef = 9961CD782519B11400402658 /* CustomViewOne.swift */; };
		9961CD7C2519B12A00402658 /* CustomViewOne.xib in Resources */ = {isa = PBXBuildFile; fileRef = 9961CD7B2519B12A00402658 /* CustomViewOne.xib */; };
		9961CD802519BAC500402658 /* CustomViewController.swift in Sources */ = {isa = PBXBuildFile; fileRef = 9961CD7F2519BAC500402658 /* CustomViewController.swift */; };
/* End PBXBuildFile section */

/* Begin PBXFileReference section */
		8057004A0DD05FFC4C890D96 /* Pods_NaverMovieList.framework */ = {isa = PBXFileReference; explicitFileType = wrapper.framework; includeInIndex = 0; path = Pods_NaverMovieList.framework; sourceTree = BUILT_PRODUCTS_DIR; };
		9904080A251AC38D00A163BA /* ScrollTestTwoViewController.swift */ = {isa = PBXFileReference; lastKnownFileType = sourcecode.swift; path = ScrollTestTwoViewController.swift; sourceTree = "<group>"; };
		9932112D250F0375004C21EA /* NaverMovieList.app */ = {isa = PBXFileReference; explicitFileType = wrapper.application; includeInIndex = 0; path = NaverMovieList.app; sourceTree = BUILT_PRODUCTS_DIR; };
		99321130250F0376004C21EA /* AppDelegate.swift */ = {isa = PBXFileReference; lastKnownFileType = sourcecode.swift; path = AppDelegate.swift; sourceTree = "<group>"; };
		99321132250F0376004C21EA /* SceneDelegate.swift */ = {isa = PBXFileReference; lastKnownFileType = sourcecode.swift; path = SceneDelegate.swift; sourceTree = "<group>"; };
		99321134250F0376004C21EA /* ViewController.swift */ = {isa = PBXFileReference; lastKnownFileType = sourcecode.swift; path = ViewController.swift; sourceTree = "<group>"; };
		99321137250F0376004C21EA /* Base */ = {isa = PBXFileReference; lastKnownFileType = file.storyboard; name = Base; path = Base.lproj/Main.storyboard; sourceTree = "<group>"; };
		99321139250F0379004C21EA /* Assets.xcassets */ = {isa = PBXFileReference; lastKnownFileType = folder.assetcatalog; path = Assets.xcassets; sourceTree = "<group>"; };
		9932113C250F0379004C21EA /* Base */ = {isa = PBXFileReference; lastKnownFileType = file.storyboard; name = Base; path = Base.lproj/LaunchScreen.storyboard; sourceTree = "<group>"; };
		9932113E250F0379004C21EA /* Info.plist */ = {isa = PBXFileReference; lastKnownFileType = text.plist.xml; path = Info.plist; sourceTree = "<group>"; };
		99321144250F301E004C21EA /* Config.swift */ = {isa = PBXFileReference; lastKnownFileType = sourcecode.swift; path = Config.swift; sourceTree = "<group>"; };
		99321146250F39A0004C21EA /* Network.swift */ = {isa = PBXFileReference; lastKnownFileType = sourcecode.swift; path = Network.swift; sourceTree = "<group>"; };
		99321148250F4E27004C21EA /* MovieModel.swift */ = {isa = PBXFileReference; lastKnownFileType = sourcecode.swift; path = MovieModel.swift; sourceTree = "<group>"; };
		9961CD722518793500402658 /* ScrollInfoViewController.swift */ = {isa = PBXFileReference; lastKnownFileType = sourcecode.swift; path = ScrollInfoViewController.swift; sourceTree = "<group>"; };
		9961CD752519716100402658 /* ScrollTestViewController.swift */ = {isa = PBXFileReference; lastKnownFileType = sourcecode.swift; path = ScrollTestViewController.swift; sourceTree = "<group>"; };
		9961CD782519B11400402658 /* CustomViewOne.swift */ = {isa = PBXFileReference; lastKnownFileType = sourcecode.swift; path = CustomViewOne.swift; sourceTree = "<group>"; };
		9961CD7B2519B12A00402658 /* CustomViewOne.xib */ = {isa = PBXFileReference; lastKnownFileType = file.xib; path = CustomViewOne.xib; sourceTree = "<group>"; };
		9961CD7F2519BAC500402658 /* CustomViewController.swift */ = {isa = PBXFileReference; lastKnownFileType = sourcecode.swift; path = CustomViewController.swift; sourceTree = "<group>"; };
		B77855EF3A8191F4D168C88A /* Pods-NaverMovieList.release.xcconfig */ = {isa = PBXFileReference; includeInIndex = 1; lastKnownFileType = text.xcconfig; name = "Pods-NaverMovieList.release.xcconfig"; path = "Target Support Files/Pods-NaverMovieList/Pods-NaverMovieList.release.xcconfig"; sourceTree = "<group>"; };
		FC4AB4BC11906A8B2E9A36FF /* Pods-NaverMovieList.debug.xcconfig */ = {isa = PBXFileReference; includeInIndex = 1; lastKnownFileType = text.xcconfig; name = "Pods-NaverMovieList.debug.xcconfig"; path = "Target Support Files/Pods-NaverMovieList/Pods-NaverMovieList.debug.xcconfig"; sourceTree = "<group>"; };
/* End PBXFileReference section */

/* Begin PBXFrameworksBuildPhase section */
		9932112A250F0375004C21EA /* Frameworks */ = {
			isa = PBXFrameworksBuildPhase;
			buildActionMask = 2147483647;
			files = (
				9736A40482263E4C73FA7AE2 /* Pods_NaverMovieList.framework in Frameworks */,
			);
			runOnlyForDeploymentPostprocessing = 0;
		};
/* End PBXFrameworksBuildPhase section */

/* Begin PBXGroup section */
		082E82D4A44E11267ACC3BB9 /* Frameworks */ = {
			isa = PBXGroup;
			children = (
				8057004A0DD05FFC4C890D96 /* Pods_NaverMovieList.framework */,
			);
			name = Frameworks;
			sourceTree = "<group>";
		};
		72DBF205D5F5A424CB81A281 /* Pods */ = {
			isa = PBXGroup;
			children = (
				FC4AB4BC11906A8B2E9A36FF /* Pods-NaverMovieList.debug.xcconfig */,
				B77855EF3A8191F4D168C88A /* Pods-NaverMovieList.release.xcconfig */,
			);
			path = Pods;
			sourceTree = "<group>";
		};
		99321124250F0375004C21EA = {
			isa = PBXGroup;
			children = (
				9932112F250F0375004C21EA /* NaverMovieList */,
				9932112E250F0375004C21EA /* Products */,
				72DBF205D5F5A424CB81A281 /* Pods */,
				082E82D4A44E11267ACC3BB9 /* Frameworks */,
			);
			sourceTree = "<group>";
		};
		9932112E250F0375004C21EA /* Products */ = {
			isa = PBXGroup;
			children = (
				9932112D250F0375004C21EA /* NaverMovieList.app */,
			);
			name = Products;
			sourceTree = "<group>";
		};
		9932112F250F0375004C21EA /* NaverMovieList */ = {
			isa = PBXGroup;
			children = (
				99321130250F0376004C21EA /* AppDelegate.swift */,
				99321132250F0376004C21EA /* SceneDelegate.swift */,
				99321134250F0376004C21EA /* ViewController.swift */,
				99321136250F0376004C21EA /* Main.storyboard */,
				99321139250F0379004C21EA /* Assets.xcassets */,
				9932113B250F0379004C21EA /* LaunchScreen.storyboard */,
				9932113E250F0379004C21EA /* Info.plist */,
				99321144250F301E004C21EA /* Config.swift */,
				99321146250F39A0004C21EA /* Network.swift */,
				99321148250F4E27004C21EA /* MovieModel.swift */,
				9961CD722518793500402658 /* ScrollInfoViewController.swift */,
				9961CD752519716100402658 /* ScrollTestViewController.swift */,
				9961CD782519B11400402658 /* CustomViewOne.swift */,
				9961CD7B2519B12A00402658 /* CustomViewOne.xib */,
				9961CD7F2519BAC500402658 /* CustomViewController.swift */,
				9904080A251AC38D00A163BA /* ScrollTestTwoViewController.swift */,
			);
			path = NaverMovieList;
			sourceTree = "<group>";
		};
/* End PBXGroup section */

/* Begin PBXNativeTarget section */
		9932112C250F0375004C21EA /* NaverMovieList */ = {
			isa = PBXNativeTarget;
			buildConfigurationList = 99321141250F0379004C21EA /* Build configuration list for PBXNativeTarget "NaverMovieList" */;
			buildPhases = (
				C3A876218A3B3EE08A382129 /* [CP] Check Pods Manifest.lock */,
				99321129250F0375004C21EA /* Sources */,
				9932112A250F0375004C21EA /* Frameworks */,
				9932112B250F0375004C21EA /* Resources */,
				E31B04FC877BF40A3E92DC3A /* [CP] Embed Pods Frameworks */,
			);
			buildRules = (
			);
			dependencies = (
			);
			name = NaverMovieList;
			productName = NaverMovieList;
			productReference = 9932112D250F0375004C21EA /* NaverMovieList.app */;
			productType = "com.apple.product-type.application";
		};
/* End PBXNativeTarget section */

/* Begin PBXProject section */
		99321125250F0375004C21EA /* Project object */ = {
			isa = PBXProject;
			attributes = {
				LastSwiftUpdateCheck = 1170;
				LastUpgradeCheck = 1170;
				ORGANIZATIONNAME = "Sky Ashboun";
				TargetAttributes = {
					9932112C250F0375004C21EA = {
						CreatedOnToolsVersion = 11.7;
					};
				};
			};
			buildConfigurationList = 99321128250F0375004C21EA /* Build configuration list for PBXProject "NaverMovieList" */;
			compatibilityVersion = "Xcode 9.3";
			developmentRegion = en;
			hasScannedForEncodings = 0;
			knownRegions = (
				en,
				Base,
			);
			mainGroup = 99321124250F0375004C21EA;
			productRefGroup = 9932112E250F0375004C21EA /* Products */;
			projectDirPath = "";
			projectRoot = "";
			targets = (
				9932112C250F0375004C21EA /* NaverMovieList */,
			);
		};
/* End PBXProject section */

/* Begin PBXResourcesBuildPhase section */
		9932112B250F0375004C21EA /* Resources */ = {
			isa = PBXResourcesBuildPhase;
			buildActionMask = 2147483647;
			files = (
				9932113D250F0379004C21EA /* LaunchScreen.storyboard in Resources */,
				9932113A250F0379004C21EA /* Assets.xcassets in Resources */,
				99321138250F0376004C21EA /* Main.storyboard in Resources */,
				9961CD7C2519B12A00402658 /* CustomViewOne.xib in Resources */,
			);
			runOnlyForDeploymentPostprocessing = 0;
		};
/* End PBXResourcesBuildPhase section */

/* Begin PBXShellScriptBuildPhase section */
		C3A876218A3B3EE08A382129 /* [CP] Check Pods Manifest.lock */ = {
			isa = PBXShellScriptBuildPhase;
			buildActionMask = 2147483647;
			files = (
			);
			inputFileListPaths = (
			);
			inputPaths = (
				"${PODS_PODFILE_DIR_PATH}/Podfile.lock",
				"${PODS_ROOT}/Manifest.lock",
			);
			name = "[CP] Check Pods Manifest.lock";
			outputFileListPaths = (
			);
			outputPaths = (
				"$(DERIVED_FILE_DIR)/Pods-NaverMovieList-checkManifestLockResult.txt",
			);
			runOnlyForDeploymentPostprocessing = 0;
			shellPath = /bin/sh;
			shellScript = "diff \"${PODS_PODFILE_DIR_PATH}/Podfile.lock\" \"${PODS_ROOT}/Manifest.lock\" > /dev/null\nif [ $? != 0 ] ; then\n    # print error to STDERR\n    echo \"error: The sandbox is not in sync with the Podfile.lock. Run 'pod install' or update your CocoaPods installation.\" >&2\n    exit 1\nfi\n# This output is used by Xcode 'outputs' to avoid re-running this script phase.\necho \"SUCCESS\" > \"${SCRIPT_OUTPUT_FILE_0}\"\n";
			showEnvVarsInLog = 0;
		};
		E31B04FC877BF40A3E92DC3A /* [CP] Embed Pods Frameworks */ = {
			isa = PBXShellScriptBuildPhase;
			buildActionMask = 2147483647;
			files = (
			);
			inputFileListPaths = (
				"${PODS_ROOT}/Target Support Files/Pods-NaverMovieList/Pods-NaverMovieList-frameworks-${CONFIGURATION}-input-files.xcfilelist",
			);
			name = "[CP] Embed Pods Frameworks";
			outputFileListPaths = (
				"${PODS_ROOT}/Target Support Files/Pods-NaverMovieList/Pods-NaverMovieList-frameworks-${CONFIGURATION}-output-files.xcfilelist",
			);
			runOnlyForDeploymentPostprocessing = 0;
			shellPath = /bin/sh;
			shellScript = "\"${PODS_ROOT}/Target Support Files/Pods-NaverMovieList/Pods-NaverMovieList-frameworks.sh\"\n";
			showEnvVarsInLog = 0;
		};
/* End PBXShellScriptBuildPhase section */

/* Begin PBXSourcesBuildPhase section */
		99321129250F0375004C21EA /* Sources */ = {
			isa = PBXSourcesBuildPhase;
			buildActionMask = 2147483647;
			files = (
				99321149250F4E27004C21EA /* MovieModel.swift in Sources */,
				9961CD732518793500402658 /* ScrollInfoViewController.swift in Sources */,
				9961CD792519B11500402658 /* CustomViewOne.swift in Sources */,
				99321147250F39A0004C21EA /* Network.swift in Sources */,
				99321135250F0376004C21EA /* ViewController.swift in Sources */,
				9904080B251AC38D00A163BA /* ScrollTestTwoViewController.swift in Sources */,
				99321145250F301E004C21EA /* Config.swift in Sources */,
				99321131250F0376004C21EA /* AppDelegate.swift in Sources */,
				9961CD802519BAC500402658 /* CustomViewController.swift in Sources */,
				99321133250F0376004C21EA /* SceneDelegate.swift in Sources */,
				9961CD762519716100402658 /* ScrollTestViewController.swift in Sources */,
			);
			runOnlyForDeploymentPostprocessing = 0;
		};
/* End PBXSourcesBuildPhase section */

/* Begin PBXVariantGroup section */
		99321136250F0376004C21EA /* Main.storyboard */ = {
			isa = PBXVariantGroup;
			children = (
				99321137250F0376004C21EA /* Base */,
			);
			name = Main.storyboard;
			sourceTree = "<group>";
		};
		9932113B250F0379004C21EA /* LaunchScreen.storyboard */ = {
			isa = PBXVariantGroup;
			children = (
				9932113C250F0379004C21EA /* Base */,
			);
			name = LaunchScreen.storyboard;
			sourceTree = "<group>";
		};
/* End PBXVariantGroup section */

/* Begin XCBuildConfiguration section */
		9932113F250F0379004C21EA /* Debug */ = {
			isa = XCBuildConfiguration;
			buildSettings = {
				ALWAYS_SEARCH_USER_PATHS = NO;
				CLANG_ANALYZER_NONNULL = YES;
				CLANG_ANALYZER_NUMBER_OBJECT_CONVERSION = YES_AGGRESSIVE;
				CLANG_CXX_LANGUAGE_STANDARD = "gnu++14";
				CLANG_CXX_LIBRARY = "libc++";
				CLANG_ENABLE_MODULES = YES;
				CLANG_ENABLE_OBJC_ARC = YES;
				CLANG_ENABLE_OBJC_WEAK = YES;
				CLANG_WARN_BLOCK_CAPTURE_AUTORELEASING = YES;
				CLANG_WARN_BOOL_CONVERSION = YES;
				CLANG_WARN_COMMA = YES;
				CLANG_WARN_CONSTANT_CONVERSION = YES;
				CLANG_WARN_DEPRECATED_OBJC_IMPLEMENTATIONS = YES;
				CLANG_WARN_DIRECT_OBJC_ISA_USAGE = YES_ERROR;
				CLANG_WARN_DOCUMENTATION_COMMENTS = YES;
				CLANG_WARN_EMPTY_BODY = YES;
				CLANG_WARN_ENUM_CONVERSION = YES;
				CLANG_WARN_INFINITE_RECURSION = YES;
				CLANG_WARN_INT_CONVERSION = YES;
				CLANG_WARN_NON_LITERAL_NULL_CONVERSION = YES;
				CLANG_WARN_OBJC_IMPLICIT_RETAIN_SELF = YES;
				CLANG_WARN_OBJC_LITERAL_CONVERSION = YES;
				CLANG_WARN_OBJC_ROOT_CLASS = YES_ERROR;
				CLANG_WARN_RANGE_LOOP_ANALYSIS = YES;
				CLANG_WARN_STRICT_PROTOTYPES = YES;
				CLANG_WARN_SUSPICIOUS_MOVE = YES;
				CLANG_WARN_UNGUARDED_AVAILABILITY = YES_AGGRESSIVE;
				CLANG_WARN_UNREACHABLE_CODE = YES;
				CLANG_WARN__DUPLICATE_METHOD_MATCH = YES;
				COPY_PHASE_STRIP = NO;
				DEBUG_INFORMATION_FORMAT = dwarf;
				ENABLE_STRICT_OBJC_MSGSEND = YES;
				ENABLE_TESTABILITY = YES;
				GCC_C_LANGUAGE_STANDARD = gnu11;
				GCC_DYNAMIC_NO_PIC = NO;
				GCC_NO_COMMON_BLOCKS = YES;
				GCC_OPTIMIZATION_LEVEL = 0;
				GCC_PREPROCESSOR_DEFINITIONS = (
					"DEBUG=1",
					"$(inherited)",
				);
				GCC_WARN_64_TO_32_BIT_CONVERSION = YES;
				GCC_WARN_ABOUT_RETURN_TYPE = YES_ERROR;
				GCC_WARN_UNDECLARED_SELECTOR = YES;
				GCC_WARN_UNINITIALIZED_AUTOS = YES_AGGRESSIVE;
				GCC_WARN_UNUSED_FUNCTION = YES;
				GCC_WARN_UNUSED_VARIABLE = YES;
				IPHONEOS_DEPLOYMENT_TARGET = 13.7;
				MTL_ENABLE_DEBUG_INFO = INCLUDE_SOURCE;
				MTL_FAST_MATH = YES;
				ONLY_ACTIVE_ARCH = YES;
				SDKROOT = iphoneos;
				SWIFT_ACTIVE_COMPILATION_CONDITIONS = DEBUG;
				SWIFT_OPTIMIZATION_LEVEL = "-Onone";
			};
			name = Debug;
		};
		99321140250F0379004C21EA /* Release */ = {
			isa = XCBuildConfiguration;
			buildSettings = {
				ALWAYS_SEARCH_USER_PATHS = NO;
				CLANG_ANALYZER_NONNULL = YES;
				CLANG_ANALYZER_NUMBER_OBJECT_CONVERSION = YES_AGGRESSIVE;
				CLANG_CXX_LANGUAGE_STANDARD = "gnu++14";
				CLANG_CXX_LIBRARY = "libc++";
				CLANG_ENABLE_MODULES = YES;
				CLANG_ENABLE_OBJC_ARC = YES;
				CLANG_ENABLE_OBJC_WEAK = YES;
				CLANG_WARN_BLOCK_CAPTURE_AUTORELEASING = YES;
				CLANG_WARN_BOOL_CONVERSION = YES;
				CLANG_WARN_COMMA = YES;
				CLANG_WARN_CONSTANT_CONVERSION = YES;
				CLANG_WARN_DEPRECATED_OBJC_IMPLEMENTATIONS = YES;
				CLANG_WARN_DIRECT_OBJC_ISA_USAGE = YES_ERROR;
				CLANG_WARN_DOCUMENTATION_COMMENTS = YES;
				CLANG_WARN_EMPTY_BODY = YES;
				CLANG_WARN_ENUM_CONVERSION = YES;
				CLANG_WARN_INFINITE_RECURSION = YES;
				CLANG_WARN_INT_CONVERSION = YES;
				CLANG_WARN_NON_LITERAL_NULL_CONVERSION = YES;
				CLANG_WARN_OBJC_IMPLICIT_RETAIN_SELF = YES;
				CLANG_WARN_OBJC_LITERAL_CONVERSION = YES;
				CLANG_WARN_OBJC_ROOT_CLASS = YES_ERROR;
				CLANG_WARN_RANGE_LOOP_ANALYSIS = YES;
				CLANG_WARN_STRICT_PROTOTYPES = YES;
				CLANG_WARN_SUSPICIOUS_MOVE = YES;
				CLANG_WARN_UNGUARDED_AVAILABILITY = YES_AGGRESSIVE;
				CLANG_WARN_UNREACHABLE_CODE = YES;
				CLANG_WARN__DUPLICATE_METHOD_MATCH = YES;
				COPY_PHASE_STRIP = NO;
				DEBUG_INFORMATION_FORMAT = "dwarf-with-dsym";
				ENABLE_NS_ASSERTIONS = NO;
				ENABLE_STRICT_OBJC_MSGSEND = YES;
				GCC_C_LANGUAGE_STANDARD = gnu11;
				GCC_NO_COMMON_BLOCKS = YES;
				GCC_WARN_64_TO_32_BIT_CONVERSION = YES;
				GCC_WARN_ABOUT_RETURN_TYPE = YES_ERROR;
				GCC_WARN_UNDECLARED_SELECTOR = YES;
				GCC_WARN_UNINITIALIZED_AUTOS = YES_AGGRESSIVE;
				GCC_WARN_UNUSED_FUNCTION = YES;
				GCC_WARN_UNUSED_VARIABLE = YES;
				IPHONEOS_DEPLOYMENT_TARGET = 13.7;
				MTL_ENABLE_DEBUG_INFO = NO;
				MTL_FAST_MATH = YES;
				SDKROOT = iphoneos;
				SWIFT_COMPILATION_MODE = wholemodule;
				SWIFT_OPTIMIZATION_LEVEL = "-O";
				VALIDATE_PRODUCT = YES;
			};
			name = Release;
		};
		99321142250F0379004C21EA /* Debug */ = {
			isa = XCBuildConfiguration;
			baseConfigurationReference = FC4AB4BC11906A8B2E9A36FF /* Pods-NaverMovieList.debug.xcconfig */;
			buildSettings = {
				ASSETCATALOG_COMPILER_APPICON_NAME = AppIcon;
				CODE_SIGN_STYLE = Automatic;
				DEVELOPMENT_TEAM = RY6TV5J3R6;
				INFOPLIST_FILE = NaverMovieList/Info.plist;
				LD_RUNPATH_SEARCH_PATHS = (
					"$(inherited)",
					"@executable_path/Frameworks",
				);
				PRODUCT_BUNDLE_IDENTIFIER = com.ironelder.study.NaverMovieList;
				PRODUCT_NAME = "$(TARGET_NAME)";
				SWIFT_VERSION = 5.0;
				TARGETED_DEVICE_FAMILY = "1,2";
			};
			name = Debug;
		};
		99321143250F0379004C21EA /* Release */ = {
			isa = XCBuildConfiguration;
			baseConfigurationReference = B77855EF3A8191F4D168C88A /* Pods-NaverMovieList.release.xcconfig */;
			buildSettings = {
				ASSETCATALOG_COMPILER_APPICON_NAME = AppIcon;
				CODE_SIGN_STYLE = Automatic;
				DEVELOPMENT_TEAM = RY6TV5J3R6;
				INFOPLIST_FILE = NaverMovieList/Info.plist;
				LD_RUNPATH_SEARCH_PATHS = (
					"$(inherited)",
					"@executable_path/Frameworks",
				);
				PRODUCT_BUNDLE_IDENTIFIER = com.ironelder.study.NaverMovieList;
				PRODUCT_NAME = "$(TARGET_NAME)";
				SWIFT_VERSION = 5.0;
				TARGETED_DEVICE_FAMILY = "1,2";
			};
			name = Release;
		};
/* End XCBuildConfiguration section */

/* Begin XCConfigurationList section */
		99321128250F0375004C21EA /* Build configuration list for PBXProject "NaverMovieList" */ = {
			isa = XCConfigurationList;
			buildConfigurations = (
				9932113F250F0379004C21EA /* Debug */,
				99321140250F0379004C21EA /* Release */,
			);
			defaultConfigurationIsVisible = 0;
			defaultConfigurationName = Release;
		};
		99321141250F0379004C21EA /* Build configuration list for PBXNativeTarget "NaverMovieList" */ = {
			isa = XCConfigurationList;
			buildConfigurations = (
				99321142250F0379004C21EA /* Debug */,
				99321143250F0379004C21EA /* Release */,
			);
			defaultConfigurationIsVisible = 0;
			defaultConfigurationName = Release;
		};
/* End XCConfigurationList section */
	};
	rootObject = 99321125250F0375004C21EA /* Project object */;
}
